
Microsoft Visual Studio Solution File, Format Version 12.00
# Visual Studio Version 17
VisualStudioVersion = 17.8.34330.188
MinimumVisualStudioVersion = 10.0.40219.1
Project("{9A19103F-16F7-4668-BE54-9A1E7A4F7556}") = "TodoApp", "TodoApp.csproj", "{A2C765B6-24D0-470E-887B-D6690E2BD3E0}"
EndProject
Project("{9A19103F-16F7-4668-BE54-9A1E7A4F7556}") = "TodoApp.Domain", "..\TodoApp.Domain\TodoApp.Domain.csproj", "{A7742460-24E9-4E95-BC67-164ECC6FA54D}"
EndProject
Project("{9A19103F-16F7-4668-BE54-9A1E7A4F7556}") = "TodoApp.Application", "..\TodoApp.Application\TodoApp.Application.csproj", "{3B83B687-0B64-4867-9D52-938D89A03B87}"
EndProject
Project("{9A19103F-16F7-4668-BE54-9A1E7A4F7556}") = "TodoApp.Infra.Data", "..\TodoApp.Infra.Data\TodoApp.Infra.Data.csproj", "{39327A0E-D8D9-4F24-BCF2-803964935101}"
EndProject
Project("{9A19103F-16F7-4668-BE54-9A1E7A4F7556}") = "TodoApp.Infra.IoC", "..\TodoApp.Infra.IoC\TodoApp.Infra.IoC.csproj", "{7D0809E6-AF31-4859-AFF7-E6683D738FAF}"
EndProject
Global
	GlobalSection(SolutionConfigurationPlatforms) = preSolution
		Debug|Any CPU = Debug|Any CPU
		Release|Any CPU = Release|Any CPU
	EndGlobalSection
	GlobalSection(ProjectConfigurationPlatforms) = postSolution
		{A2C765B6-24D0-470E-887B-D6690E2BD3E0}.Debug|Any CPU.ActiveCfg = Debug|Any CPU
		{A2C765B6-24D0-470E-887B-D6690E2BD3E0}.Debug|Any CPU.Build.0 = Debug|Any CPU
		{A2C765B6-24D0-470E-887B-D6690E2BD3E0}.Release|Any CPU.ActiveCfg = Release|Any CPU
		{A2C765B6-24D0-470E-887B-D6690E2BD3E0}.Release|Any CPU.Build.0 = Release|Any CPU
		{A7742460-24E9-4E95-BC67-164ECC6FA54D}.Debug|Any CPU.ActiveCfg = Debug|Any CPU
		{A7742460-24E9-4E95-BC67-164ECC6FA54D}.Debug|Any CPU.Build.0 = Debug|Any CPU
		{A7742460-24E9-4E95-BC67-164ECC6FA54D}.Release|Any CPU.ActiveCfg = Release|Any CPU
		{A7742460-24E9-4E95-BC67-164ECC6FA54D}.Release|Any CPU.Build.0 = Release|Any CPU
		{3B83B687-0B64-4867-9D52-938D89A03B87}.Debug|Any CPU.ActiveCfg = Debug|Any CPU
		{3B83B687-0B64-4867-9D52-938D89A03B87}.Debug|Any CPU.Build.0 = Debug|Any CPU
		{3B83B687-0B64-4867-9D52-938D89A03B87}.Release|Any CPU.ActiveCfg = Release|Any CPU
		{3B83B687-0B64-4867-9D52-938D89A03B87}.Release|Any CPU.Build.0 = Release|Any CPU
		{39327A0E-D8D9-4F24-BCF2-803964935101}.Debug|Any CPU.ActiveCfg = Debug|Any CPU
		{39327A0E-D8D9-4F24-BCF2-803964935101}.Debug|Any CPU.Build.0 = Debug|Any CPU
		{39327A0E-D8D9-4F24-BCF2-803964935101}.Release|Any CPU.ActiveCfg = Release|Any CPU
		{39327A0E-D8D9-4F24-BCF2-803964935101}.Release|Any CPU.Build.0 = Release|Any CPU
		{7D0809E6-AF31-4859-AFF7-E6683D738FAF}.Debug|Any CPU.ActiveCfg = Debug|Any CPU
		{7D0809E6-AF31-4859-AFF7-E6683D738FAF}.Debug|Any CPU.Build.0 = Debug|Any CPU
		{7D0809E6-AF31-4859-AFF7-E6683D738FAF}.Release|Any CPU.ActiveCfg = Release|Any CPU
		{7D0809E6-AF31-4859-AFF7-E6683D738FAF}.Release|Any CPU.Build.0 = Release|Any CPU
	EndGlobalSection
	GlobalSection(SolutionProperties) = preSolution
		HideSolutionNode = FALSE
	EndGlobalSection
	GlobalSection(ExtensibilityGlobals) = postSolution
		SolutionGuid = {12AA5F37-6382-43A6-AED3-632E31613E3D}
	EndGlobalSection
EndGlobal
